
Microsoft Visual Studio Solution File, Format Version 12.00
# Visual Studio Version 17
VisualStudioVersion = 17.0.31717.71
MinimumVisualStudioVersion = 10.0.40219.1
Project("{FAE04EC0-301F-11D3-BF4B-00C04F79EFBC}") = "BaiTapLonMVC", "BaiTapLonMVC.csproj", "{EAA25CEB-D905-4B68-811A-F12A3D073F8A}"
EndProject
Project("{FAE04EC0-301F-11D3-BF4B-00C04F79EFBC}") = "Entities", "..\Entities\Entities.csproj", "{7EF99D25-28C0-49E9-A710-FE9E4F5EE9FF}"
EndProject
Global
	GlobalSection(SolutionConfigurationPlatforms) = preSolution
		Debug|Any CPU = Debug|Any CPU
		Release|Any CPU = Release|Any CPU
	EndGlobalSection
	GlobalSection(ProjectConfigurationPlatforms) = postSolution
		{EAA25CEB-D905-4B68-811A-F12A3D073F8A}.Debug|Any CPU.ActiveCfg = Debug|Any CPU
		{EAA25CEB-D905-4B68-811A-F12A3D073F8A}.Debug|Any CPU.Build.0 = Debug|Any CPU
		{EAA25CEB-D905-4B68-811A-F12A3D073F8A}.Release|Any CPU.ActiveCfg = Release|Any CPU
		{EAA25CEB-D905-4B68-811A-F12A3D073F8A}.Release|Any CPU.Build.0 = Release|Any CPU
		{7EF99D25-28C0-49E9-A710-FE9E4F5EE9FF}.Debug|Any CPU.ActiveCfg = Debug|Any CPU
		{7EF99D25-28C0-49E9-A710-FE9E4F5EE9FF}.Debug|Any CPU.Build.0 = Debug|Any CPU
		{7EF99D25-28C0-49E9-A710-FE9E4F5EE9FF}.Release|Any CPU.ActiveCfg = Release|Any CPU
		{7EF99D25-28C0-49E9-A710-FE9E4F5EE9FF}.Release|Any CPU.Build.0 = Release|Any CPU
	EndGlobalSection
	GlobalSection(SolutionProperties) = preSolution
		HideSolutionNode = FALSE
	EndGlobalSection
	GlobalSection(ExtensibilityGlobals) = postSolution
		SolutionGuid = {5DD183D1-B3B5-411D-8B00-878F06CCCFE7}
	EndGlobalSection
EndGlobal
